// !$*UTF8*$!
{
	archiveVersion = 1;
	classes = {
	};
	objectVersion = 55;
	objects = {

/* Begin PBXBuildFile section */
		D9A96D272748ECE90082EB30 /* AppDelegate.swift in Sources */ = {isa = PBXBuildFile; fileRef = D9A96D262748ECE90082EB30 /* AppDelegate.swift */; };
		D9A96D292748ECE90082EB30 /* SceneDelegate.swift in Sources */ = {isa = PBXBuildFile; fileRef = D9A96D282748ECE90082EB30 /* SceneDelegate.swift */; };
		D9A96D2B2748ECE90082EB30 /* ViewController.swift in Sources */ = {isa = PBXBuildFile; fileRef = D9A96D2A2748ECE90082EB30 /* ViewController.swift */; };
		D9A96D2E2748ECE90082EB30 /* Main.storyboard in Resources */ = {isa = PBXBuildFile; fileRef = D9A96D2C2748ECE90082EB30 /* Main.storyboard */; };
		D9A96D302748ECEB0082EB30 /* Assets.xcassets in Resources */ = {isa = PBXBuildFile; fileRef = D9A96D2F2748ECEB0082EB30 /* Assets.xcassets */; };
		D9A96D332748ECEB0082EB30 /* LaunchScreen.storyboard in Resources */ = {isa = PBXBuildFile; fileRef = D9A96D312748ECEB0082EB30 /* LaunchScreen.storyboard */; };
		D9A96D3E2748ECEB0082EB30 /* GamChaTests.swift in Sources */ = {isa = PBXBuildFile; fileRef = D9A96D3D2748ECEB0082EB30 /* GamChaTests.swift */; };
		D9A96D482748ECEB0082EB30 /* GamChaUITests.swift in Sources */ = {isa = PBXBuildFile; fileRef = D9A96D472748ECEB0082EB30 /* GamChaUITests.swift */; };
		D9A96D4A2748ECEB0082EB30 /* GamChaUITestsLaunchTests.swift in Sources */ = {isa = PBXBuildFile; fileRef = D9A96D492748ECEB0082EB30 /* GamChaUITestsLaunchTests.swift */; };
/* End PBXBuildFile section */

/* Begin PBXContainerItemProxy section */
		D9A96D3A2748ECEB0082EB30 /* PBXContainerItemProxy */ = {
			isa = PBXContainerItemProxy;
			containerPortal = D9A96D1B2748ECE90082EB30 /* Project object */;
			proxyType = 1;
			remoteGlobalIDString = D9A96D222748ECE90082EB30;
			remoteInfo = GamCha;
		};
		D9A96D442748ECEB0082EB30 /* PBXContainerItemProxy */ = {
			isa = PBXContainerItemProxy;
			containerPortal = D9A96D1B2748ECE90082EB30 /* Project object */;
			proxyType = 1;
			remoteGlobalIDString = D9A96D222748ECE90082EB30;
			remoteInfo = GamCha;
		};
/* End PBXContainerItemProxy section */

/* Begin PBXFileReference section */
		D9A96D232748ECE90082EB30 /* GamCha.app */ = {isa = PBXFileReference; explicitFileType = wrapper.application; includeInIndex = 0; path = GamCha.app; sourceTree = BUILT_PRODUCTS_DIR; };
		D9A96D262748ECE90082EB30 /* AppDelegate.swift */ = {isa = PBXFileReference; lastKnownFileType = sourcecode.swift; path = AppDelegate.swift; sourceTree = "<group>"; };
		D9A96D282748ECE90082EB30 /* SceneDelegate.swift */ = {isa = PBXFileReference; lastKnownFileType = sourcecode.swift; path = SceneDelegate.swift; sourceTree = "<group>"; };
		D9A96D2A2748ECE90082EB30 /* ViewController.swift */ = {isa = PBXFileReference; lastKnownFileType = sourcecode.swift; path = ViewController.swift; sourceTree = "<group>"; };
		D9A96D2D2748ECE90082EB30 /* Base */ = {isa = PBXFileReference; lastKnownFileType = file.storyboard; name = Base; path = Base.lproj/Main.storyboard; sourceTree = "<group>"; };
		D9A96D2F2748ECEB0082EB30 /* Assets.xcassets */ = {isa = PBXFileReference; lastKnownFileType = folder.assetcatalog; path = Assets.xcassets; sourceTree = "<group>"; };
		D9A96D322748ECEB0082EB30 /* Base */ = {isa = PBXFileReference; lastKnownFileType = file.storyboard; name = Base; path = Base.lproj/LaunchScreen.storyboard; sourceTree = "<group>"; };
		D9A96D342748ECEB0082EB30 /* Info.plist */ = {isa = PBXFileReference; lastKnownFileType = text.plist.xml; path = Info.plist; sourceTree = "<group>"; };
		D9A96D392748ECEB0082EB30 /* GamChaTests.xctest */ = {isa = PBXFileReference; explicitFileType = wrapper.cfbundle; includeInIndex = 0; path = GamChaTests.xctest; sourceTree = BUILT_PRODUCTS_DIR; };
		D9A96D3D2748ECEB0082EB30 /* GamChaTests.swift */ = {isa = PBXFileReference; lastKnownFileType = sourcecode.swift; path = GamChaTests.swift; sourceTree = "<group>"; };
		D9A96D432748ECEB0082EB30 /* GamChaUITests.xctest */ = {isa = PBXFileReference; explicitFileType = wrapper.cfbundle; includeInIndex = 0; path = GamChaUITests.xctest; sourceTree = BUILT_PRODUCTS_DIR; };
		D9A96D472748ECEB0082EB30 /* GamChaUITests.swift */ = {isa = PBXFileReference; lastKnownFileType = sourcecode.swift; path = GamChaUITests.swift; sourceTree = "<group>"; };
		D9A96D492748ECEB0082EB30 /* GamChaUITestsLaunchTests.swift */ = {isa = PBXFileReference; lastKnownFileType = sourcecode.swift; path = GamChaUITestsLaunchTests.swift; sourceTree = "<group>"; };
/* End PBXFileReference section */

/* Begin PBXFrameworksBuildPhase section */
		D9A96D202748ECE90082EB30 /* Frameworks */ = {
			isa = PBXFrameworksBuildPhase;
			buildActionMask = 2147483647;
			files = (
			);
			runOnlyForDeploymentPostprocessing = 0;
		};
		D9A96D362748ECEB0082EB30 /* Frameworks */ = {
			isa = PBXFrameworksBuildPhase;
			buildActionMask = 2147483647;
			files = (
			);
			runOnlyForDeploymentPostprocessing = 0;
		};
		D9A96D402748ECEB0082EB30 /* Frameworks */ = {
			isa = PBXFrameworksBuildPhase;
			buildActionMask = 2147483647;
			files = (
			);
			runOnlyForDeploymentPostprocessing = 0;
		};
/* End PBXFrameworksBuildPhase section */

/* Begin PBXGroup section */
		D9A96D1A2748ECE90082EB30 = {
			isa = PBXGroup;
			children = (
				D9A96D252748ECE90082EB30 /* GamCha */,
				D9A96D3C2748ECEB0082EB30 /* GamChaTests */,
				D9A96D462748ECEB0082EB30 /* GamChaUITests */,
				D9A96D242748ECE90082EB30 /* Products */,
			);
			sourceTree = "<group>";
		};
		D9A96D242748ECE90082EB30 /* Products */ = {
			isa = PBXGroup;
			children = (
				D9A96D232748ECE90082EB30 /* GamCha.app */,
				D9A96D392748ECEB0082EB30 /* GamChaTests.xctest */,
				D9A96D432748ECEB0082EB30 /* GamChaUITests.xctest */,
			);
			name = Products;
			sourceTree = "<group>";
		};
		D9A96D252748ECE90082EB30 /* GamCha */ = {
			isa = PBXGroup;
			children = (
				D9A96D262748ECE90082EB30 /* AppDelegate.swift */,
				D9A96D282748ECE90082EB30 /* SceneDelegate.swift */,
				D9A96D2A2748ECE90082EB30 /* ViewController.swift */,
				D9A96D2C2748ECE90082EB30 /* Main.storyboard */,
				D9A96D2F2748ECEB0082EB30 /* Assets.xcassets */,
				D9A96D312748ECEB0082EB30 /* LaunchScreen.storyboard */,
				D9A96D342748ECEB0082EB30 /* Info.plist */,
			);
			path = GamCha;
			sourceTree = "<group>";
		};
		D9A96D3C2748ECEB0082EB30 /* GamChaTests */ = {
			isa = PBXGroup;
			children = (
				D9A96D3D2748ECEB0082EB30 /* GamChaTests.swift */,
			);
			path = GamChaTests;
			sourceTree = "<group>";
		};
		D9A96D462748ECEB0082EB30 /* GamChaUITests */ = {
			isa = PBXGroup;
			children = (
				D9A96D472748ECEB0082EB30 /* GamChaUITests.swift */,
				D9A96D492748ECEB0082EB30 /* GamChaUITestsLaunchTests.swift */,
			);
			path = GamChaUITests;
			sourceTree = "<group>";
		};
/* End PBXGroup section */

/* Begin PBXNativeTarget section */
		D9A96D222748ECE90082EB30 /* GamCha */ = {
			isa = PBXNativeTarget;
			buildConfigurationList = D9A96D4D2748ECEB0082EB30 /* Build configuration list for PBXNativeTarget "GamCha" */;
			buildPhases = (
				D9A96D1F2748ECE90082EB30 /* Sources */,
				D9A96D202748ECE90082EB30 /* Frameworks */,
				D9A96D212748ECE90082EB30 /* Resources */,
			);
			buildRules = (
			);
			dependencies = (
			);
			name = GamCha;
			productName = GamCha;
			productReference = D9A96D232748ECE90082EB30 /* GamCha.app */;
			productType = "com.apple.product-type.application";
		};
		D9A96D382748ECEB0082EB30 /* GamChaTests */ = {
			isa = PBXNativeTarget;
			buildConfigurationList = D9A96D502748ECEB0082EB30 /* Build configuration list for PBXNativeTarget "GamChaTests" */;
			buildPhases = (
				D9A96D352748ECEB0082EB30 /* Sources */,
				D9A96D362748ECEB0082EB30 /* Frameworks */,
				D9A96D372748ECEB0082EB30 /* Resources */,
			);
			buildRules = (
			);
			dependencies = (
				D9A96D3B2748ECEB0082EB30 /* PBXTargetDependency */,
			);
			name = GamChaTests;
			productName = GamChaTests;
			productReference = D9A96D392748ECEB0082EB30 /* GamChaTests.xctest */;
			productType = "com.apple.product-type.bundle.unit-test";
		};
		D9A96D422748ECEB0082EB30 /* GamChaUITests */ = {
			isa = PBXNativeTarget;
			buildConfigurationList = D9A96D532748ECEB0082EB30 /* Build configuration list for PBXNativeTarget "GamChaUITests" */;
			buildPhases = (
				D9A96D3F2748ECEB0082EB30 /* Sources */,
				D9A96D402748ECEB0082EB30 /* Frameworks */,
				D9A96D412748ECEB0082EB30 /* Resources */,
			);
			buildRules = (
			);
			dependencies = (
				D9A96D452748ECEB0082EB30 /* PBXTargetDependency */,
			);
			name = GamChaUITests;
			productName = GamChaUITests;
			productReference = D9A96D432748ECEB0082EB30 /* GamChaUITests.xctest */;
			productType = "com.apple.product-type.bundle.ui-testing";
		};
/* End PBXNativeTarget section */

/* Begin PBXProject section */
		D9A96D1B2748ECE90082EB30 /* Project object */ = {
			isa = PBXProject;
			attributes = {
				BuildIndependentTargetsInParallel = 1;
				LastSwiftUpdateCheck = 1310;
				LastUpgradeCheck = 1310;
				TargetAttributes = {
					D9A96D222748ECE90082EB30 = {
						CreatedOnToolsVersion = 13.1;
					};
					D9A96D382748ECEB0082EB30 = {
						CreatedOnToolsVersion = 13.1;
						TestTargetID = D9A96D222748ECE90082EB30;
					};
					D9A96D422748ECEB0082EB30 = {
						CreatedOnToolsVersion = 13.1;
						TestTargetID = D9A96D222748ECE90082EB30;
					};
				};
			};
			buildConfigurationList = D9A96D1E2748ECE90082EB30 /* Build configuration list for PBXProject "GamCha" */;
			compatibilityVersion = "Xcode 13.0";
			developmentRegion = en;
			hasScannedForEncodings = 0;
			knownRegions = (
				en,
				Base,
			);
			mainGroup = D9A96D1A2748ECE90082EB30;
			productRefGroup = D9A96D242748ECE90082EB30 /* Products */;
			projectDirPath = "";
			projectRoot = "";
			targets = (
				D9A96D222748ECE90082EB30 /* GamCha */,
				D9A96D382748ECEB0082EB30 /* GamChaTests */,
				D9A96D422748ECEB0082EB30 /* GamChaUITests */,
			);
		};
/* End PBXProject section */

/* Begin PBXResourcesBuildPhase section */
		D9A96D212748ECE90082EB30 /* Resources */ = {
			isa = PBXResourcesBuildPhase;
			buildActionMask = 2147483647;
			files = (
				D9A96D332748ECEB0082EB30 /* LaunchScreen.storyboard in Resources */,
				D9A96D302748ECEB0082EB30 /* Assets.xcassets in Resources */,
				D9A96D2E2748ECE90082EB30 /* Main.storyboard in Resources */,
			);
			runOnlyForDeploymentPostprocessing = 0;
		};
		D9A96D372748ECEB0082EB30 /* Resources */ = {
			isa = PBXResourcesBuildPhase;
			buildActionMask = 2147483647;
			files = (
			);
			runOnlyForDeploymentPostprocessing = 0;
		};
		D9A96D412748ECEB0082EB30 /* Resources */ = {
			isa = PBXResourcesBuildPhase;
			buildActionMask = 2147483647;
			files = (
			);
			runOnlyForDeploymentPostprocessing = 0;
		};
/* End PBXResourcesBuildPhase section */

/* Begin PBXSourcesBuildPhase section */
		D9A96D1F2748ECE90082EB30 /* Sources */ = {
			isa = PBXSourcesBuildPhase;
			buildActionMask = 2147483647;
			files = (
				D9A96D2B2748ECE90082EB30 /* ViewController.swift in Sources */,
				D9A96D272748ECE90082EB30 /* AppDelegate.swift in Sources */,
				D9A96D292748ECE90082EB30 /* SceneDelegate.swift in Sources */,
			);
			runOnlyForDeploymentPostprocessing = 0;
		};
		D9A96D352748ECEB0082EB30 /* Sources */ = {
			isa = PBXSourcesBuildPhase;
			buildActionMask = 2147483647;
			files = (
				D9A96D3E2748ECEB0082EB30 /* GamChaTests.swift in Sources */,
			);
			runOnlyForDeploymentPostprocessing = 0;
		};
		D9A96D3F2748ECEB0082EB30 /* Sources */ = {
			isa = PBXSourcesBuildPhase;
			buildActionMask = 2147483647;
			files = (
				D9A96D482748ECEB0082EB30 /* GamChaUITests.swift in Sources */,
				D9A96D4A2748ECEB0082EB30 /* GamChaUITestsLaunchTests.swift in Sources */,
			);
			runOnlyForDeploymentPostprocessing = 0;
		};
/* End PBXSourcesBuildPhase section */

/* Begin PBXTargetDependency section */
		D9A96D3B2748ECEB0082EB30 /* PBXTargetDependency */ = {
			isa = PBXTargetDependency;
			target = D9A96D222748ECE90082EB30 /* GamCha */;
			targetProxy = D9A96D3A2748ECEB0082EB30 /* PBXContainerItemProxy */;
		};
		D9A96D452748ECEB0082EB30 /* PBXTargetDependency */ = {
			isa = PBXTargetDependency;
			target = D9A96D222748ECE90082EB30 /* GamCha */;
			targetProxy = D9A96D442748ECEB0082EB30 /* PBXContainerItemProxy */;
		};
/* End PBXTargetDependency section */

/* Begin PBXVariantGroup section */
		D9A96D2C2748ECE90082EB30 /* Main.storyboard */ = {
			isa = PBXVariantGroup;
			children = (
				D9A96D2D2748ECE90082EB30 /* Base */,
			);
			name = Main.storyboard;
			sourceTree = "<group>";
		};
		D9A96D312748ECEB0082EB30 /* LaunchScreen.storyboard */ = {
			isa = PBXVariantGroup;
			children = (
				D9A96D322748ECEB0082EB30 /* Base */,
			);
			name = LaunchScreen.storyboard;
			sourceTree = "<group>";
		};
/* End PBXVariantGroup section */

/* Begin XCBuildConfiguration section */
		D9A96D4B2748ECEB0082EB30 /* Debug */ = {
			isa = XCBuildConfiguration;
			buildSettings = {
				ALWAYS_SEARCH_USER_PATHS = NO;
				CLANG_ANALYZER_NONNULL = YES;
				CLANG_ANALYZER_NUMBER_OBJECT_CONVERSION = YES_AGGRESSIVE;
				CLANG_CXX_LANGUAGE_STANDARD = "gnu++17";
				CLANG_CXX_LIBRARY = "libc++";
				CLANG_ENABLE_MODULES = YES;
				CLANG_ENABLE_OBJC_ARC = YES;
				CLANG_ENABLE_OBJC_WEAK = YES;
				CLANG_WARN_BLOCK_CAPTURE_AUTORELEASING = YES;
				CLANG_WARN_BOOL_CONVERSION = YES;
				CLANG_WARN_COMMA = YES;
				CLANG_WARN_CONSTANT_CONVERSION = YES;
				CLANG_WARN_DEPRECATED_OBJC_IMPLEMENTATIONS = YES;
				CLANG_WARN_DIRECT_OBJC_ISA_USAGE = YES_ERROR;
				CLANG_WARN_DOCUMENTATION_COMMENTS = YES;
				CLANG_WARN_EMPTY_BODY = YES;
				CLANG_WARN_ENUM_CONVERSION = YES;
				CLANG_WARN_INFINITE_RECURSION = YES;
				CLANG_WARN_INT_CONVERSION = YES;
				CLANG_WARN_NON_LITERAL_NULL_CONVERSION = YES;
				CLANG_WARN_OBJC_IMPLICIT_RETAIN_SELF = YES;
				CLANG_WARN_OBJC_LITERAL_CONVERSION = YES;
				CLANG_WARN_OBJC_ROOT_CLASS = YES_ERROR;
				CLANG_WARN_QUOTED_INCLUDE_IN_FRAMEWORK_HEADER = YES;
				CLANG_WARN_RANGE_LOOP_ANALYSIS = YES;
				CLANG_WARN_STRICT_PROTOTYPES = YES;
				CLANG_WARN_SUSPICIOUS_MOVE = YES;
				CLANG_WARN_UNGUARDED_AVAILABILITY = YES_AGGRESSIVE;
				CLANG_WARN_UNREACHABLE_CODE = YES;
				CLANG_WARN__DUPLICATE_METHOD_MATCH = YES;
				COPY_PHASE_STRIP = NO;
				DEBUG_INFORMATION_FORMAT = dwarf;
				ENABLE_STRICT_OBJC_MSGSEND = YES;
				ENABLE_TESTABILITY = YES;
				GCC_C_LANGUAGE_STANDARD = gnu11;
				GCC_DYNAMIC_NO_PIC = NO;
				GCC_NO_COMMON_BLOCKS = YES;
				GCC_OPTIMIZATION_LEVEL = 0;
				GCC_PREPROCESSOR_DEFINITIONS = (
					"DEBUG=1",
					"$(inherited)",
				);
				GCC_WARN_64_TO_32_BIT_CONVERSION = YES;
				GCC_WARN_ABOUT_RETURN_TYPE = YES_ERROR;
				GCC_WARN_UNDECLARED_SELECTOR = YES;
				GCC_WARN_UNINITIALIZED_AUTOS = YES_AGGRESSIVE;
				GCC_WARN_UNUSED_FUNCTION = YES;
				GCC_WARN_UNUSED_VARIABLE = YES;
				IPHONEOS_DEPLOYMENT_TARGET = 15.0;
				MTL_ENABLE_DEBUG_INFO = INCLUDE_SOURCE;
				MTL_FAST_MATH = YES;
				ONLY_ACTIVE_ARCH = YES;
				SDKROOT = iphoneos;
				SWIFT_ACTIVE_COMPILATION_CONDITIONS = DEBUG;
				SWIFT_OPTIMIZATION_LEVEL = "-Onone";
			};
			name = Debug;
		};
		D9A96D4C2748ECEB0082EB30 /* Release */ = {
			isa = XCBuildConfiguration;
			buildSettings = {
				ALWAYS_SEARCH_USER_PATHS = NO;
				CLANG_ANALYZER_NONNULL = YES;
				CLANG_ANALYZER_NUMBER_OBJECT_CONVERSION = YES_AGGRESSIVE;
				CLANG_CXX_LANGUAGE_STANDARD = "gnu++17";
				CLANG_CXX_LIBRARY = "libc++";
				CLANG_ENABLE_MODULES = YES;
				CLANG_ENABLE_OBJC_ARC = YES;
				CLANG_ENABLE_OBJC_WEAK = YES;
				CLANG_WARN_BLOCK_CAPTURE_AUTORELEASING = YES;
				CLANG_WARN_BOOL_CONVERSION = YES;
				CLANG_WARN_COMMA = YES;
				CLANG_WARN_CONSTANT_CONVERSION = YES;
				CLANG_WARN_DEPRECATED_OBJC_IMPLEMENTATIONS = YES;
				CLANG_WARN_DIRECT_OBJC_ISA_USAGE = YES_ERROR;
				CLANG_WARN_DOCUMENTATION_COMMENTS = YES;
				CLANG_WARN_EMPTY_BODY = YES;
				CLANG_WARN_ENUM_CONVERSION = YES;
				CLANG_WARN_INFINITE_RECURSION = YES;
				CLANG_WARN_INT_CONVERSION = YES;
				CLANG_WARN_NON_LITERAL_NULL_CONVERSION = YES;
				CLANG_WARN_OBJC_IMPLICIT_RETAIN_SELF = YES;
				CLANG_WARN_OBJC_LITERAL_CONVERSION = YES;
				CLANG_WARN_OBJC_ROOT_CLASS = YES_ERROR;
				CLANG_WARN_QUOTED_INCLUDE_IN_FRAMEWORK_HEADER = YES;
				CLANG_WARN_RANGE_LOOP_ANALYSIS = YES;
				CLANG_WARN_STRICT_PROTOTYPES = YES;
				CLANG_WARN_SUSPICIOUS_MOVE = YES;
				CLANG_WARN_UNGUARDED_AVAILABILITY = YES_AGGRESSIVE;
				CLANG_WARN_UNREACHABLE_CODE = YES;
				CLANG_WARN__DUPLICATE_METHOD_MATCH = YES;
				COPY_PHASE_STRIP = NO;
				DEBUG_INFORMATION_FORMAT = "dwarf-with-dsym";
				ENABLE_NS_ASSERTIONS = NO;
				ENABLE_STRICT_OBJC_MSGSEND = YES;
				GCC_C_LANGUAGE_STANDARD = gnu11;
				GCC_NO_COMMON_BLOCKS = YES;
				GCC_WARN_64_TO_32_BIT_CONVERSION = YES;
				GCC_WARN_ABOUT_RETURN_TYPE = YES_ERROR;
				GCC_WARN_UNDECLARED_SELECTOR = YES;
				GCC_WARN_UNINITIALIZED_AUTOS = YES_AGGRESSIVE;
				GCC_WARN_UNUSED_FUNCTION = YES;
				GCC_WARN_UNUSED_VARIABLE = YES;
				IPHONEOS_DEPLOYMENT_TARGET = 15.0;
				MTL_ENABLE_DEBUG_INFO = NO;
				MTL_FAST_MATH = YES;
				SDKROOT = iphoneos;
				SWIFT_COMPILATION_MODE = wholemodule;
				SWIFT_OPTIMIZATION_LEVEL = "-O";
				VALIDATE_PRODUCT = YES;
			};
			name = Release;
		};
		D9A96D4E2748ECEB0082EB30 /* Debug */ = {
			isa = XCBuildConfiguration;
			buildSettings = {
				ASSETCATALOG_COMPILER_APPICON_NAME = AppIcon;
				ASSETCATALOG_COMPILER_GLOBAL_ACCENT_COLOR_NAME = AccentColor;
				CODE_SIGN_STYLE = Automatic;
				CURRENT_PROJECT_VERSION = 1;
				GENERATE_INFOPLIST_FILE = YES;
				INFOPLIST_FILE = GamCha/Info.plist;
				INFOPLIST_KEY_UIApplicationSupportsIndirectInputEvents = YES;
				INFOPLIST_KEY_UILaunchStoryboardName = LaunchScreen;
				INFOPLIST_KEY_UIMainStoryboardFile = Main;
				INFOPLIST_KEY_UISupportedInterfaceOrientations_iPad = "UIInterfaceOrientationPortrait UIInterfaceOrientationPortraitUpsideDown UIInterfaceOrientationLandscapeLeft UIInterfaceOrientationLandscapeRight";
				INFOPLIST_KEY_UISupportedInterfaceOrientations_iPhone = "UIInterfaceOrientationPortrait UIInterfaceOrientationLandscapeLeft UIInterfaceOrientationLandscapeRight";
				LD_RUNPATH_SEARCH_PATHS = (
					"$(inherited)",
					"@executable_path/Frameworks",
				);
				MARKETING_VERSION = 1.0;
				PRODUCT_BUNDLE_IDENTIFIER = com.yasu.GamCha;
				PRODUCT_NAME = "$(TARGET_NAME)";
				SWIFT_EMIT_LOC_STRINGS = YES;
				SWIFT_VERSION = 5.0;
				TARGETED_DEVICE_FAMILY = "1,2";
			};
			name = Debug;
		};
		D9A96D4F2748ECEB0082EB30 /* Release */ = {
			isa = XCBuildConfiguration;
			buildSettings = {
				ASSETCATALOG_COMPILER_APPICON_NAME = AppIcon;
				ASSETCATALOG_COMPILER_GLOBAL_ACCENT_COLOR_NAME = AccentColor;
				CODE_SIGN_STYLE = Automatic;
				CURRENT_PROJECT_VERSION = 1;
				GENERATE_INFOPLIST_FILE = YES;
				INFOPLIST_FILE = GamCha/Info.plist;
				INFOPLIST_KEY_UIApplicationSupportsIndirectInputEvents = YES;
				INFOPLIST_KEY_UILaunchStoryboardName = LaunchScreen;
				INFOPLIST_KEY_UIMainStoryboardFile = Main;
				INFOPLIST_KEY_UISupportedInterfaceOrientations_iPad = "UIInterfaceOrientationPortrait UIInterfaceOrientationPortraitUpsideDown UIInterfaceOrientationLandscapeLeft UIInterfaceOrientationLandscapeRight";
				INFOPLIST_KEY_UISupportedInterfaceOrientations_iPhone = "UIInterfaceOrientationPortrait UIInterfaceOrientationLandscapeLeft UIInterfaceOrientationLandscapeRight";
				LD_RUNPATH_SEARCH_PATHS = (
					"$(inherited)",
					"@executable_path/Frameworks",
				);
				MARKETING_VERSION = 1.0;
				PRODUCT_BUNDLE_IDENTIFIER = com.yasu.GamCha;
				PRODUCT_NAME = "$(TARGET_NAME)";
				SWIFT_EMIT_LOC_STRINGS = YES;
				SWIFT_VERSION = 5.0;
				TARGETED_DEVICE_FAMILY = "1,2";
			};
			name = Release;
		};
		D9A96D512748ECEB0082EB30 /* Debug */ = {
			isa = XCBuildConfiguration;
			buildSettings = {
				ALWAYS_EMBED_SWIFT_STANDARD_LIBRARIES = YES;
				BUNDLE_LOADER = "$(TEST_HOST)";
				CODE_SIGN_STYLE = Automatic;
				CURRENT_PROJECT_VERSION = 1;
				GENERATE_INFOPLIST_FILE = YES;
				IPHONEOS_DEPLOYMENT_TARGET = 15.0;
				LD_RUNPATH_SEARCH_PATHS = (
					"$(inherited)",
					"@executable_path/Frameworks",
					"@loader_path/Frameworks",
				);
				MARKETING_VERSION = 1.0;
				PRODUCT_BUNDLE_IDENTIFIER = com.yasu.GamChaTests;
				PRODUCT_NAME = "$(TARGET_NAME)";
				SWIFT_EMIT_LOC_STRINGS = NO;
				SWIFT_VERSION = 5.0;
				TARGETED_DEVICE_FAMILY = "1,2";
				TEST_HOST = "$(BUILT_PRODUCTS_DIR)/GamCha.app/GamCha";
			};
			name = Debug;
		};
		D9A96D522748ECEB0082EB30 /* Release */ = {
			isa = XCBuildConfiguration;
			buildSettings = {
				ALWAYS_EMBED_SWIFT_STANDARD_LIBRARIES = YES;
				BUNDLE_LOADER = "$(TEST_HOST)";
				CODE_SIGN_STYLE = Automatic;
				CURRENT_PROJECT_VERSION = 1;
				GENERATE_INFOPLIST_FILE = YES;
				IPHONEOS_DEPLOYMENT_TARGET = 15.0;
				LD_RUNPATH_SEARCH_PATHS = (
					"$(inherited)",
					"@executable_path/Frameworks",
					"@loader_path/Frameworks",
				);
				MARKETING_VERSION = 1.0;
				PRODUCT_BUNDLE_IDENTIFIER = com.yasu.GamChaTests;
				PRODUCT_NAME = "$(TARGET_NAME)";
				SWIFT_EMIT_LOC_STRINGS = NO;
				SWIFT_VERSION = 5.0;
				TARGETED_DEVICE_FAMILY = "1,2";
				TEST_HOST = "$(BUILT_PRODUCTS_DIR)/GamCha.app/GamCha";
			};
			name = Release;
		};
		D9A96D542748ECEB0082EB30 /* Debug */ = {
			isa = XCBuildConfiguration;
			buildSettings = {
				ALWAYS_EMBED_SWIFT_STANDARD_LIBRARIES = YES;
				CODE_SIGN_STYLE = Automatic;
				CURRENT_PROJECT_VERSION = 1;
				GENERATE_INFOPLIST_FILE = YES;
				LD_RUNPATH_SEARCH_PATHS = (
					"$(inherited)",
					"@executable_path/Frameworks",
					"@loader_path/Frameworks",
				);
				MARKETING_VERSION = 1.0;
				PRODUCT_BUNDLE_IDENTIFIER = com.yasu.GamChaUITests;
				PRODUCT_NAME = "$(TARGET_NAME)";
				SWIFT_EMIT_LOC_STRINGS = NO;
				SWIFT_VERSION = 5.0;
				TARGETED_DEVICE_FAMILY = "1,2";
				TEST_TARGET_NAME = GamCha;
			};
			name = Debug;
		};
		D9A96D552748ECEB0082EB30 /* Release */ = {
			isa = XCBuildConfiguration;
			buildSettings = {
				ALWAYS_EMBED_SWIFT_STANDARD_LIBRARIES = YES;
				CODE_SIGN_STYLE = Automatic;
				CURRENT_PROJECT_VERSION = 1;
				GENERATE_INFOPLIST_FILE = YES;
				LD_RUNPATH_SEARCH_PATHS = (
					"$(inherited)",
					"@executable_path/Frameworks",
					"@loader_path/Frameworks",
				);
				MARKETING_VERSION = 1.0;
				PRODUCT_BUNDLE_IDENTIFIER = com.yasu.GamChaUITests;
				PRODUCT_NAME = "$(TARGET_NAME)";
				SWIFT_EMIT_LOC_STRINGS = NO;
				SWIFT_VERSION = 5.0;
				TARGETED_DEVICE_FAMILY = "1,2";
				TEST_TARGET_NAME = GamCha;
			};
			name = Release;
		};
/* End XCBuildConfiguration section */

/* Begin XCConfigurationList section */
		D9A96D1E2748ECE90082EB30 /* Build configuration list for PBXProject "GamCha" */ = {
			isa = XCConfigurationList;
			buildConfigurations = (
				D9A96D4B2748ECEB0082EB30 /* Debug */,
				D9A96D4C2748ECEB0082EB30 /* Release */,
			);
			defaultConfigurationIsVisible = 0;
			defaultConfigurationName = Release;
		};
		D9A96D4D2748ECEB0082EB30 /* Build configuration list for PBXNativeTarget "GamCha" */ = {
			isa = XCConfigurationList;
			buildConfigurations = (
				D9A96D4E2748ECEB0082EB30 /* Debug */,
				D9A96D4F2748ECEB0082EB30 /* Release */,
			);
			defaultConfigurationIsVisible = 0;
			defaultConfigurationName = Release;
		};
		D9A96D502748ECEB0082EB30 /* Build configuration list for PBXNativeTarget "GamChaTests" */ = {
			isa = XCConfigurationList;
			buildConfigurations = (
				D9A96D512748ECEB0082EB30 /* Debug */,
				D9A96D522748ECEB0082EB30 /* Release */,
			);
			defaultConfigurationIsVisible = 0;
			defaultConfigurationName = Release;
		};
		D9A96D532748ECEB0082EB30 /* Build configuration list for PBXNativeTarget "GamChaUITests" */ = {
			isa = XCConfigurationList;
			buildConfigurations = (
				D9A96D542748ECEB0082EB30 /* Debug */,
				D9A96D552748ECEB0082EB30 /* Release */,
			);
			defaultConfigurationIsVisible = 0;
			defaultConfigurationName = Release;
		};
/* End XCConfigurationList section */
	};
	rootObject = D9A96D1B2748ECE90082EB30 /* Project object */;
}
